
Microsoft Visual Studio Solution File, Format Version 12.00
# Visual Studio 2012
Project("{FAE04EC0-301F-11D3-BF4B-00C04F79EFBC}") = "03_return", "03_return\03_return.csproj", "{D09BD4E6-23BD-43D3-83A6-B3F74B2EAD5F}"
EndProject
Global
	GlobalSection(SolutionConfigurationPlatforms) = preSolution
		Debug|Any CPU = Debug|Any CPU
		Release|Any CPU = Release|Any CPU
	EndGlobalSection
	GlobalSection(ProjectConfigurationPlatforms) = postSolution
		{D09BD4E6-23BD-43D3-83A6-B3F74B2EAD5F}.Debug|Any CPU.ActiveCfg = Debug|Any CPU
		{D09BD4E6-23BD-43D3-83A6-B3F74B2EAD5F}.Debug|Any CPU.Build.0 = Debug|Any CPU
		{D09BD4E6-23BD-43D3-83A6-B3F74B2EAD5F}.Release|Any CPU.ActiveCfg = Release|Any CPU
		{D09BD4E6-23BD-43D3-83A6-B3F74B2EAD5F}.Release|Any CPU.Build.0 = Release|Any CPU
	EndGlobalSection
	GlobalSection(SolutionProperties) = preSolution
		HideSolutionNode = FALSE
	EndGlobalSection
EndGlobal
