
Microsoft Visual Studio Solution File, Format Version 12.00
# Visual Studio 15
VisualStudioVersion = 15.0.27130.2003
MinimumVisualStudioVersion = 10.0.40219.1
Project("{FAE04EC0-301F-11D3-BF4B-00C04F79EFBC}") = "WcfService1", "WcfService1.csproj", "{0F9BB0B9-393E-418F-A199-40CE2E24B6D8}"
EndProject
Project("{FAE04EC0-301F-11D3-BF4B-00C04F79EFBC}") = "ConsoleApp1", "..\ConsoleApp1\ConsoleApp1.csproj", "{CAB81645-E5F8-4B45-93E5-113D8B1F314A}"
EndProject
Global
	GlobalSection(SolutionConfigurationPlatforms) = preSolution
		Debug|Any CPU = Debug|Any CPU
		Release|Any CPU = Release|Any CPU
	EndGlobalSection
	GlobalSection(ProjectConfigurationPlatforms) = postSolution
		{0F9BB0B9-393E-418F-A199-40CE2E24B6D8}.Debug|Any CPU.ActiveCfg = Debug|Any CPU
		{0F9BB0B9-393E-418F-A199-40CE2E24B6D8}.Debug|Any CPU.Build.0 = Debug|Any CPU
		{0F9BB0B9-393E-418F-A199-40CE2E24B6D8}.Release|Any CPU.ActiveCfg = Release|Any CPU
		{0F9BB0B9-393E-418F-A199-40CE2E24B6D8}.Release|Any CPU.Build.0 = Release|Any CPU
		{CAB81645-E5F8-4B45-93E5-113D8B1F314A}.Debug|Any CPU.ActiveCfg = Debug|Any CPU
		{CAB81645-E5F8-4B45-93E5-113D8B1F314A}.Debug|Any CPU.Build.0 = Debug|Any CPU
		{CAB81645-E5F8-4B45-93E5-113D8B1F314A}.Release|Any CPU.ActiveCfg = Release|Any CPU
		{CAB81645-E5F8-4B45-93E5-113D8B1F314A}.Release|Any CPU.Build.0 = Release|Any CPU
	EndGlobalSection
	GlobalSection(SolutionProperties) = preSolution
		HideSolutionNode = FALSE
	EndGlobalSection
	GlobalSection(ExtensibilityGlobals) = postSolution
		SolutionGuid = {34F733EB-8805-4E05-B9FC-840AE4868D8F}
	EndGlobalSection
EndGlobal
