
Microsoft Visual Studio Solution File, Format Version 12.00
# Visual Studio 2012
Project("{FAE04EC0-301F-11D3-BF4B-00C04F79EFBC}") = "04_cancel", "04_cancel\04_cancel.csproj", "{DDCF6751-1E7E-4D1B-8D33-1DD4027689F8}"
EndProject
Global
	GlobalSection(SolutionConfigurationPlatforms) = preSolution
		Debug|Any CPU = Debug|Any CPU
		Release|Any CPU = Release|Any CPU
	EndGlobalSection
	GlobalSection(ProjectConfigurationPlatforms) = postSolution
		{DDCF6751-1E7E-4D1B-8D33-1DD4027689F8}.Debug|Any CPU.ActiveCfg = Debug|Any CPU
		{DDCF6751-1E7E-4D1B-8D33-1DD4027689F8}.Debug|Any CPU.Build.0 = Debug|Any CPU
		{DDCF6751-1E7E-4D1B-8D33-1DD4027689F8}.Release|Any CPU.ActiveCfg = Release|Any CPU
		{DDCF6751-1E7E-4D1B-8D33-1DD4027689F8}.Release|Any CPU.Build.0 = Release|Any CPU
	EndGlobalSection
	GlobalSection(SolutionProperties) = preSolution
		HideSolutionNode = FALSE
	EndGlobalSection
EndGlobal
